
Microsoft Visual Studio Solution File, Format Version 12.00
# Visual Studio Version 16
VisualStudioVersion = 16.0.31005.135
MinimumVisualStudioVersion = 15.0.26124.0
Project("{9A19103F-16F7-4668-BE54-9A1E7A4F7556}") = "Gose", "src\Gose\Gose.csproj", "{8F7F5CAB-8B10-45B4-92AB-B13237B4DBBB}"
EndProject
Project("{9A19103F-16F7-4668-BE54-9A1E7A4F7556}") = "Gose.Test", "tests\Gose.Test\Gose.Test.csproj", "{9385A52F-9D69-4D9E-AE4C-E8F3248B3ADB}"
EndProject
Project("{2150E333-8FDC-42A3-9474-1A3956D46DE8}") = "Solution Items", "Solution Items", "{FC687F20-BEF4-46CD-8755-6CA87B6642DC}"
	ProjectSection(SolutionItems) = preProject
		README.md = README.md
	EndProjectSection
EndProject
Global
	GlobalSection(SolutionConfigurationPlatforms) = preSolution
		Debug|Any CPU = Debug|Any CPU
		Debug|x64 = Debug|x64
		Debug|x86 = Debug|x86
		Release|Any CPU = Release|Any CPU
		Release|x64 = Release|x64
		Release|x86 = Release|x86
	EndGlobalSection
	GlobalSection(ProjectConfigurationPlatforms) = postSolution
		{8F7F5CAB-8B10-45B4-92AB-B13237B4DBBB}.Debug|Any CPU.ActiveCfg = Debug|Any CPU
		{8F7F5CAB-8B10-45B4-92AB-B13237B4DBBB}.Debug|Any CPU.Build.0 = Debug|Any CPU
		{8F7F5CAB-8B10-45B4-92AB-B13237B4DBBB}.Debug|x64.ActiveCfg = Debug|Any CPU
		{8F7F5CAB-8B10-45B4-92AB-B13237B4DBBB}.Debug|x64.Build.0 = Debug|Any CPU
		{8F7F5CAB-8B10-45B4-92AB-B13237B4DBBB}.Debug|x86.ActiveCfg = Debug|Any CPU
		{8F7F5CAB-8B10-45B4-92AB-B13237B4DBBB}.Debug|x86.Build.0 = Debug|Any CPU
		{8F7F5CAB-8B10-45B4-92AB-B13237B4DBBB}.Release|Any CPU.ActiveCfg = Release|Any CPU
		{8F7F5CAB-8B10-45B4-92AB-B13237B4DBBB}.Release|Any CPU.Build.0 = Release|Any CPU
		{8F7F5CAB-8B10-45B4-92AB-B13237B4DBBB}.Release|x64.ActiveCfg = Release|Any CPU
		{8F7F5CAB-8B10-45B4-92AB-B13237B4DBBB}.Release|x64.Build.0 = Release|Any CPU
		{8F7F5CAB-8B10-45B4-92AB-B13237B4DBBB}.Release|x86.ActiveCfg = Release|Any CPU
		{8F7F5CAB-8B10-45B4-92AB-B13237B4DBBB}.Release|x86.Build.0 = Release|Any CPU
		{9385A52F-9D69-4D9E-AE4C-E8F3248B3ADB}.Debug|Any CPU.ActiveCfg = Debug|Any CPU
		{9385A52F-9D69-4D9E-AE4C-E8F3248B3ADB}.Debug|Any CPU.Build.0 = Debug|Any CPU
		{9385A52F-9D69-4D9E-AE4C-E8F3248B3ADB}.Debug|x64.ActiveCfg = Debug|Any CPU
		{9385A52F-9D69-4D9E-AE4C-E8F3248B3ADB}.Debug|x64.Build.0 = Debug|Any CPU
		{9385A52F-9D69-4D9E-AE4C-E8F3248B3ADB}.Debug|x86.ActiveCfg = Debug|Any CPU
		{9385A52F-9D69-4D9E-AE4C-E8F3248B3ADB}.Debug|x86.Build.0 = Debug|Any CPU
		{9385A52F-9D69-4D9E-AE4C-E8F3248B3ADB}.Release|Any CPU.ActiveCfg = Release|Any CPU
		{9385A52F-9D69-4D9E-AE4C-E8F3248B3ADB}.Release|Any CPU.Build.0 = Release|Any CPU
		{9385A52F-9D69-4D9E-AE4C-E8F3248B3ADB}.Release|x64.ActiveCfg = Release|Any CPU
		{9385A52F-9D69-4D9E-AE4C-E8F3248B3ADB}.Release|x64.Build.0 = Release|Any CPU
		{9385A52F-9D69-4D9E-AE4C-E8F3248B3ADB}.Release|x86.ActiveCfg = Release|Any CPU
		{9385A52F-9D69-4D9E-AE4C-E8F3248B3ADB}.Release|x86.Build.0 = Release|Any CPU
	EndGlobalSection
	GlobalSection(SolutionProperties) = preSolution
		HideSolutionNode = FALSE
	EndGlobalSection
	GlobalSection(ExtensibilityGlobals) = postSolution
		SolutionGuid = {36B7FDAA-8466-4D8D-ACD6-55F516AE2C48}
	EndGlobalSection
EndGlobal
